
Microsoft Visual Studio Solution File, Format Version 12.00
# Visual Studio Version 17
VisualStudioVersion = 17.5.002.0
MinimumVisualStudioVersion = 10.0.40219.1
Project("{9A19103F-16F7-4668-BE54-9A1E7A4F7556}") = "ExampleTPIApplication", "ExampleTPIApplication\ExampleTPIApplication.csproj", "{6020B7F4-D013-4899-B1C3-12EB9760B0FD}"
EndProject
Project("{9A19103F-16F7-4668-BE54-9A1E7A4F7556}") = "zencontrol.Sdk.Tpi", "src\zencontrol.Sdk.Tpi.csproj", "{EBFDC288-13C1-47A6-8ED8-2FC0DA23076F}"
EndProject
Project("{9A19103F-16F7-4668-BE54-9A1E7A4F7556}") = "src.test", "src.test\src.test.csproj", "{48A72093-0353-4FC3-A357-AFDD1F9EB86B}"
EndProject
Global
	GlobalSection(SolutionConfigurationPlatforms) = preSolution
		Debug|Any CPU = Debug|Any CPU
		Release|Any CPU = Release|Any CPU
	EndGlobalSection
	GlobalSection(ProjectConfigurationPlatforms) = postSolution
		{6020B7F4-D013-4899-B1C3-12EB9760B0FD}.Debug|Any CPU.ActiveCfg = Debug|Any CPU
		{6020B7F4-D013-4899-B1C3-12EB9760B0FD}.Debug|Any CPU.Build.0 = Debug|Any CPU
		{6020B7F4-D013-4899-B1C3-12EB9760B0FD}.Release|Any CPU.ActiveCfg = Release|Any CPU
		{6020B7F4-D013-4899-B1C3-12EB9760B0FD}.Release|Any CPU.Build.0 = Release|Any CPU
		{EBFDC288-13C1-47A6-8ED8-2FC0DA23076F}.Debug|Any CPU.ActiveCfg = Debug|Any CPU
		{EBFDC288-13C1-47A6-8ED8-2FC0DA23076F}.Debug|Any CPU.Build.0 = Debug|Any CPU
		{EBFDC288-13C1-47A6-8ED8-2FC0DA23076F}.Release|Any CPU.ActiveCfg = Release|Any CPU
		{EBFDC288-13C1-47A6-8ED8-2FC0DA23076F}.Release|Any CPU.Build.0 = Release|Any CPU
		{48A72093-0353-4FC3-A357-AFDD1F9EB86B}.Debug|Any CPU.ActiveCfg = Debug|Any CPU
		{48A72093-0353-4FC3-A357-AFDD1F9EB86B}.Debug|Any CPU.Build.0 = Debug|Any CPU
		{48A72093-0353-4FC3-A357-AFDD1F9EB86B}.Release|Any CPU.ActiveCfg = Release|Any CPU
		{48A72093-0353-4FC3-A357-AFDD1F9EB86B}.Release|Any CPU.Build.0 = Release|Any CPU
	EndGlobalSection
	GlobalSection(SolutionProperties) = preSolution
		HideSolutionNode = FALSE
	EndGlobalSection
	GlobalSection(ExtensibilityGlobals) = postSolution
		SolutionGuid = {FF893711-6A4D-4CAE-8E11-29D8088203DB}
	EndGlobalSection
EndGlobal
